
Microsoft Visual Studio Solution File, Format Version 12.00
# Visual Studio 15
VisualStudioVersion = 15.0.27703.2026
MinimumVisualStudioVersion = 10.0.40219.1
Project("{FAE04EC0-301F-11D3-BF4B-00C04F79EFBC}") = "Chat", "Chat\Chat.csproj", "{9D95091E-D5C5-437A-8B23-D5E19FCD0808}"
EndProject
Project("{888888A0-9F3D-457C-B088-3A5042F75D52}") = "SoapServer", "SoapServer\SoapServer.pyproj", "{5B0CF666-92D7-449B-8B3B-233650FC1A56}"
EndProject
Global
	GlobalSection(SolutionConfigurationPlatforms) = preSolution
		Debug|Any CPU = Debug|Any CPU
		Release|Any CPU = Release|Any CPU
	EndGlobalSection
	GlobalSection(ProjectConfigurationPlatforms) = postSolution
		{9D95091E-D5C5-437A-8B23-D5E19FCD0808}.Debug|Any CPU.ActiveCfg = Debug|Any CPU
		{9D95091E-D5C5-437A-8B23-D5E19FCD0808}.Debug|Any CPU.Build.0 = Debug|Any CPU
		{9D95091E-D5C5-437A-8B23-D5E19FCD0808}.Release|Any CPU.ActiveCfg = Release|Any CPU
		{9D95091E-D5C5-437A-8B23-D5E19FCD0808}.Release|Any CPU.Build.0 = Release|Any CPU
		{5B0CF666-92D7-449B-8B3B-233650FC1A56}.Debug|Any CPU.ActiveCfg = Debug|Any CPU
		{5B0CF666-92D7-449B-8B3B-233650FC1A56}.Release|Any CPU.ActiveCfg = Release|Any CPU
	EndGlobalSection
	GlobalSection(SolutionProperties) = preSolution
		HideSolutionNode = FALSE
	EndGlobalSection
	GlobalSection(ExtensibilityGlobals) = postSolution
		SolutionGuid = {98E06387-E7CF-435F-B5F2-A7423604F9D8}
	EndGlobalSection
EndGlobal
